
Microsoft Visual Studio Solution File, Format Version 12.00
# Visual Studio 15
VisualStudioVersion = 15.0.28307.1433
MinimumVisualStudioVersion = 10.0.40219.1
Project("{FAE04EC0-301F-11D3-BF4B-00C04F79EFBC}") = "PointOfSalesWebApp", "PointOfSalesWebApp\PointOfSalesWebApp.csproj", "{62DD55E9-0C19-4B72-B90F-BDD9DCB97263}"
EndProject
Project("{E53339B2-1760-4266-BCC7-CA923CBCF16C}") = "docker-compose", "docker-compose.dcproj", "{1BC87591-42C1-4E48-9615-98DE611CE7A7}"
EndProject
Global
	GlobalSection(SolutionConfigurationPlatforms) = preSolution
		Debug|Any CPU = Debug|Any CPU
		Release|Any CPU = Release|Any CPU
	EndGlobalSection
	GlobalSection(ProjectConfigurationPlatforms) = postSolution
		{62DD55E9-0C19-4B72-B90F-BDD9DCB97263}.Debug|Any CPU.ActiveCfg = Debug|Any CPU
		{62DD55E9-0C19-4B72-B90F-BDD9DCB97263}.Debug|Any CPU.Build.0 = Debug|Any CPU
		{62DD55E9-0C19-4B72-B90F-BDD9DCB97263}.Release|Any CPU.ActiveCfg = Release|Any CPU
		{62DD55E9-0C19-4B72-B90F-BDD9DCB97263}.Release|Any CPU.Build.0 = Release|Any CPU
		{1BC87591-42C1-4E48-9615-98DE611CE7A7}.Debug|Any CPU.ActiveCfg = Debug|Any CPU
		{1BC87591-42C1-4E48-9615-98DE611CE7A7}.Debug|Any CPU.Build.0 = Debug|Any CPU
		{1BC87591-42C1-4E48-9615-98DE611CE7A7}.Release|Any CPU.ActiveCfg = Release|Any CPU
		{1BC87591-42C1-4E48-9615-98DE611CE7A7}.Release|Any CPU.Build.0 = Release|Any CPU
	EndGlobalSection
	GlobalSection(SolutionProperties) = preSolution
		HideSolutionNode = FALSE
	EndGlobalSection
	GlobalSection(ExtensibilityGlobals) = postSolution
		SolutionGuid = {1A394907-9304-459E-911A-87195BCB6F75}
	EndGlobalSection
EndGlobal
